
Microsoft Visual Studio Solution File, Format Version 12.00
# Visual Studio Version 17
VisualStudioVersion = 17.7.34003.232
MinimumVisualStudioVersion = 10.0.40219.1
Project("{9A19103F-16F7-4668-BE54-9A1E7A4F7556}") = "SKYEEBANK.Core", "..\SKYEEBANK.CORE\SKYEEBANK.Core.csproj", "{8AC2CE48-C472-4DAB-9CAB-CDDF4E45CCBD}"
EndProject
Project("{9A19103F-16F7-4668-BE54-9A1E7A4F7556}") = "SKYEEBANK.Entities", "..\SKYEEBANK.Entities\SKYEEBANK.Entities.csproj", "{038474C2-A881-4C27-8785-34E12A0E0AD8}"
EndProject
Project("{9A19103F-16F7-4668-BE54-9A1E7A4F7556}") = "SKYEEBANK.Common", "..\SKYEEBANK.Common\SKYEEBANK.Common.csproj", "{9CF0B537-A45A-4E3B-9357-87DD85714206}"
EndProject
Project("{9A19103F-16F7-4668-BE54-9A1E7A4F7556}") = "SKYEEBANK.UI", "..\SKYEEBANK.UI\SKYEEBANK.UI.csproj", "{FA833363-08A7-4F61-9C6F-6EC2E1A58DB3}"
EndProject
Project("{9A19103F-16F7-4668-BE54-9A1E7A4F7556}") = "SKYEEBANK.Helpers", "..\SKYEEBANK.Helpers\SKYEEBANK.Helpers.csproj", "{75668F3F-EFAA-43AB-A631-251E5A6E5F85}"
EndProject
Project("{9A19103F-16F7-4668-BE54-9A1E7A4F7556}") = "SKYEEBANK.Data", "..\SKYEEBANK.Data\SKYEEBANK.Data.csproj", "{55851EB0-C837-44D8-944A-B9D67E3A6F07}"
EndProject
Project("{9A19103F-16F7-4668-BE54-9A1E7A4F7556}") = "SKYEEBANK.Test", "..\SKYEEBANK.Test\SKYEEBANK.Test.csproj", "{0D43B649-1092-45E8-ABFA-CB6BFDE912E9}"
EndProject
Project("{9A19103F-16F7-4668-BE54-9A1E7A4F7556}") = "SKYEEBANK", "SKYEEBANK.csproj", "{4423AC4D-5A34-4FA9-920B-C25B6B26F20C}"
EndProject
Global
	GlobalSection(SolutionConfigurationPlatforms) = preSolution
		Debug|Any CPU = Debug|Any CPU
		Debug|x64 = Debug|x64
		Release|Any CPU = Release|Any CPU
		Release|x64 = Release|x64
	EndGlobalSection
	GlobalSection(ProjectConfigurationPlatforms) = postSolution
		{8AC2CE48-C472-4DAB-9CAB-CDDF4E45CCBD}.Debug|Any CPU.ActiveCfg = Debug|Any CPU
		{8AC2CE48-C472-4DAB-9CAB-CDDF4E45CCBD}.Debug|Any CPU.Build.0 = Debug|Any CPU
		{8AC2CE48-C472-4DAB-9CAB-CDDF4E45CCBD}.Debug|x64.ActiveCfg = Debug|x64
		{8AC2CE48-C472-4DAB-9CAB-CDDF4E45CCBD}.Debug|x64.Build.0 = Debug|x64
		{8AC2CE48-C472-4DAB-9CAB-CDDF4E45CCBD}.Release|Any CPU.ActiveCfg = Release|Any CPU
		{8AC2CE48-C472-4DAB-9CAB-CDDF4E45CCBD}.Release|Any CPU.Build.0 = Release|Any CPU
		{8AC2CE48-C472-4DAB-9CAB-CDDF4E45CCBD}.Release|x64.ActiveCfg = Release|x64
		{8AC2CE48-C472-4DAB-9CAB-CDDF4E45CCBD}.Release|x64.Build.0 = Release|x64
		{038474C2-A881-4C27-8785-34E12A0E0AD8}.Debug|Any CPU.ActiveCfg = Debug|Any CPU
		{038474C2-A881-4C27-8785-34E12A0E0AD8}.Debug|Any CPU.Build.0 = Debug|Any CPU
		{038474C2-A881-4C27-8785-34E12A0E0AD8}.Debug|x64.ActiveCfg = Debug|x64
		{038474C2-A881-4C27-8785-34E12A0E0AD8}.Debug|x64.Build.0 = Debug|x64
		{038474C2-A881-4C27-8785-34E12A0E0AD8}.Release|Any CPU.ActiveCfg = Release|Any CPU
		{038474C2-A881-4C27-8785-34E12A0E0AD8}.Release|Any CPU.Build.0 = Release|Any CPU
		{038474C2-A881-4C27-8785-34E12A0E0AD8}.Release|x64.ActiveCfg = Release|x64
		{038474C2-A881-4C27-8785-34E12A0E0AD8}.Release|x64.Build.0 = Release|x64
		{9CF0B537-A45A-4E3B-9357-87DD85714206}.Debug|Any CPU.ActiveCfg = Debug|Any CPU
		{9CF0B537-A45A-4E3B-9357-87DD85714206}.Debug|Any CPU.Build.0 = Debug|Any CPU
		{9CF0B537-A45A-4E3B-9357-87DD85714206}.Debug|x64.ActiveCfg = Debug|x64
		{9CF0B537-A45A-4E3B-9357-87DD85714206}.Debug|x64.Build.0 = Debug|x64
		{9CF0B537-A45A-4E3B-9357-87DD85714206}.Release|Any CPU.ActiveCfg = Release|Any CPU
		{9CF0B537-A45A-4E3B-9357-87DD85714206}.Release|Any CPU.Build.0 = Release|Any CPU
		{9CF0B537-A45A-4E3B-9357-87DD85714206}.Release|x64.ActiveCfg = Release|x64
		{9CF0B537-A45A-4E3B-9357-87DD85714206}.Release|x64.Build.0 = Release|x64
		{FA833363-08A7-4F61-9C6F-6EC2E1A58DB3}.Debug|Any CPU.ActiveCfg = Debug|Any CPU
		{FA833363-08A7-4F61-9C6F-6EC2E1A58DB3}.Debug|Any CPU.Build.0 = Debug|Any CPU
		{FA833363-08A7-4F61-9C6F-6EC2E1A58DB3}.Debug|x64.ActiveCfg = Debug|x64
		{FA833363-08A7-4F61-9C6F-6EC2E1A58DB3}.Debug|x64.Build.0 = Debug|x64
		{FA833363-08A7-4F61-9C6F-6EC2E1A58DB3}.Release|Any CPU.ActiveCfg = Release|Any CPU
		{FA833363-08A7-4F61-9C6F-6EC2E1A58DB3}.Release|Any CPU.Build.0 = Release|Any CPU
		{FA833363-08A7-4F61-9C6F-6EC2E1A58DB3}.Release|x64.ActiveCfg = Release|x64
		{FA833363-08A7-4F61-9C6F-6EC2E1A58DB3}.Release|x64.Build.0 = Release|x64
		{75668F3F-EFAA-43AB-A631-251E5A6E5F85}.Debug|Any CPU.ActiveCfg = Debug|Any CPU
		{75668F3F-EFAA-43AB-A631-251E5A6E5F85}.Debug|Any CPU.Build.0 = Debug|Any CPU
		{75668F3F-EFAA-43AB-A631-251E5A6E5F85}.Debug|x64.ActiveCfg = Debug|x64
		{75668F3F-EFAA-43AB-A631-251E5A6E5F85}.Debug|x64.Build.0 = Debug|x64
		{75668F3F-EFAA-43AB-A631-251E5A6E5F85}.Release|Any CPU.ActiveCfg = Release|Any CPU
		{75668F3F-EFAA-43AB-A631-251E5A6E5F85}.Release|Any CPU.Build.0 = Release|Any CPU
		{75668F3F-EFAA-43AB-A631-251E5A6E5F85}.Release|x64.ActiveCfg = Release|x64
		{75668F3F-EFAA-43AB-A631-251E5A6E5F85}.Release|x64.Build.0 = Release|x64
		{55851EB0-C837-44D8-944A-B9D67E3A6F07}.Debug|Any CPU.ActiveCfg = Debug|Any CPU
		{55851EB0-C837-44D8-944A-B9D67E3A6F07}.Debug|Any CPU.Build.0 = Debug|Any CPU
		{55851EB0-C837-44D8-944A-B9D67E3A6F07}.Debug|x64.ActiveCfg = Debug|x64
		{55851EB0-C837-44D8-944A-B9D67E3A6F07}.Debug|x64.Build.0 = Debug|x64
		{55851EB0-C837-44D8-944A-B9D67E3A6F07}.Release|Any CPU.ActiveCfg = Release|Any CPU
		{55851EB0-C837-44D8-944A-B9D67E3A6F07}.Release|Any CPU.Build.0 = Release|Any CPU
		{55851EB0-C837-44D8-944A-B9D67E3A6F07}.Release|x64.ActiveCfg = Release|x64
		{55851EB0-C837-44D8-944A-B9D67E3A6F07}.Release|x64.Build.0 = Release|x64
		{0D43B649-1092-45E8-ABFA-CB6BFDE912E9}.Debug|Any CPU.ActiveCfg = Debug|Any CPU
		{0D43B649-1092-45E8-ABFA-CB6BFDE912E9}.Debug|Any CPU.Build.0 = Debug|Any CPU
		{0D43B649-1092-45E8-ABFA-CB6BFDE912E9}.Debug|x64.ActiveCfg = Debug|x64
		{0D43B649-1092-45E8-ABFA-CB6BFDE912E9}.Debug|x64.Build.0 = Debug|x64
		{0D43B649-1092-45E8-ABFA-CB6BFDE912E9}.Release|Any CPU.ActiveCfg = Release|Any CPU
		{0D43B649-1092-45E8-ABFA-CB6BFDE912E9}.Release|Any CPU.Build.0 = Release|Any CPU
		{0D43B649-1092-45E8-ABFA-CB6BFDE912E9}.Release|x64.ActiveCfg = Release|x64
		{0D43B649-1092-45E8-ABFA-CB6BFDE912E9}.Release|x64.Build.0 = Release|x64
		{4423AC4D-5A34-4FA9-920B-C25B6B26F20C}.Debug|Any CPU.ActiveCfg = Debug|x64
		{4423AC4D-5A34-4FA9-920B-C25B6B26F20C}.Debug|Any CPU.Build.0 = Debug|x64
		{4423AC4D-5A34-4FA9-920B-C25B6B26F20C}.Debug|x64.ActiveCfg = Debug|x64
		{4423AC4D-5A34-4FA9-920B-C25B6B26F20C}.Debug|x64.Build.0 = Debug|x64
		{4423AC4D-5A34-4FA9-920B-C25B6B26F20C}.Release|Any CPU.ActiveCfg = Release|x64
		{4423AC4D-5A34-4FA9-920B-C25B6B26F20C}.Release|Any CPU.Build.0 = Release|x64
		{4423AC4D-5A34-4FA9-920B-C25B6B26F20C}.Release|x64.ActiveCfg = Release|x64
		{4423AC4D-5A34-4FA9-920B-C25B6B26F20C}.Release|x64.Build.0 = Release|x64
	EndGlobalSection
	GlobalSection(SolutionProperties) = preSolution
		HideSolutionNode = FALSE
	EndGlobalSection
	GlobalSection(ExtensibilityGlobals) = postSolution
		SolutionGuid = {2FC63356-3910-4DF3-90F0-7621A9397177}
	EndGlobalSection
EndGlobal
